// !$*UTF8*$!
{
	archiveVersion = 1;
	classes = {
	};
	objectVersion = 50;
	objects = {

/* Begin PBXBuildFile section */
		DB86CEC52619810300FC5A1F /* HelloIOSApp.swift in Sources */ = {isa = PBXBuildFile; fileRef = DB86CEC42619810300FC5A1F /* HelloIOSApp.swift */; };
		DB86CEC72619810300FC5A1F /* ContentView.swift in Sources */ = {isa = PBXBuildFile; fileRef = DB86CEC62619810300FC5A1F /* ContentView.swift */; };
		DB86CEC92619810500FC5A1F /* Assets.xcassets in Resources */ = {isa = PBXBuildFile; fileRef = DB86CEC82619810500FC5A1F /* Assets.xcassets */; };
		DB86CECC2619810500FC5A1F /* Preview Assets.xcassets in Resources */ = {isa = PBXBuildFile; fileRef = DB86CECB2619810500FC5A1F /* Preview Assets.xcassets */; };
		DB86CED72619810500FC5A1F /* HelloIOSTests.swift in Sources */ = {isa = PBXBuildFile; fileRef = DB86CED62619810500FC5A1F /* HelloIOSTests.swift */; };
		DB86CEE22619810500FC5A1F /* HelloIOSUITests.swift in Sources */ = {isa = PBXBuildFile; fileRef = DB86CEE12619810500FC5A1F /* HelloIOSUITests.swift */; };
/* End PBXBuildFile section */

/* Begin PBXContainerItemProxy section */
		DB86CED32619810500FC5A1F /* PBXContainerItemProxy */ = {
			isa = PBXContainerItemProxy;
			containerPortal = DB86CEB92619810200FC5A1F /* Project object */;
			proxyType = 1;
			remoteGlobalIDString = DB86CEC02619810200FC5A1F;
			remoteInfo = HelloIOS;
		};
		DB86CEDE2619810500FC5A1F /* PBXContainerItemProxy */ = {
			isa = PBXContainerItemProxy;
			containerPortal = DB86CEB92619810200FC5A1F /* Project object */;
			proxyType = 1;
			remoteGlobalIDString = DB86CEC02619810200FC5A1F;
			remoteInfo = HelloIOS;
		};
/* End PBXContainerItemProxy section */

/* Begin PBXFileReference section */
		DB86CEC12619810300FC5A1F /* HelloIOS.app */ = {isa = PBXFileReference; explicitFileType = wrapper.application; includeInIndex = 0; path = HelloIOS.app; sourceTree = BUILT_PRODUCTS_DIR; };
		DB86CEC42619810300FC5A1F /* HelloIOSApp.swift */ = {isa = PBXFileReference; lastKnownFileType = sourcecode.swift; path = HelloIOSApp.swift; sourceTree = "<group>"; };
		DB86CEC62619810300FC5A1F /* ContentView.swift */ = {isa = PBXFileReference; lastKnownFileType = sourcecode.swift; path = ContentView.swift; sourceTree = "<group>"; };
		DB86CEC82619810500FC5A1F /* Assets.xcassets */ = {isa = PBXFileReference; lastKnownFileType = folder.assetcatalog; path = Assets.xcassets; sourceTree = "<group>"; };
		DB86CECB2619810500FC5A1F /* Preview Assets.xcassets */ = {isa = PBXFileReference; lastKnownFileType = folder.assetcatalog; path = "Preview Assets.xcassets"; sourceTree = "<group>"; };
		DB86CECD2619810500FC5A1F /* Info.plist */ = {isa = PBXFileReference; lastKnownFileType = text.plist.xml; path = Info.plist; sourceTree = "<group>"; };
		DB86CED22619810500FC5A1F /* HelloIOSTests.xctest */ = {isa = PBXFileReference; explicitFileType = wrapper.cfbundle; includeInIndex = 0; path = HelloIOSTests.xctest; sourceTree = BUILT_PRODUCTS_DIR; };
		DB86CED62619810500FC5A1F /* HelloIOSTests.swift */ = {isa = PBXFileReference; lastKnownFileType = sourcecode.swift; path = HelloIOSTests.swift; sourceTree = "<group>"; };
		DB86CED82619810500FC5A1F /* Info.plist */ = {isa = PBXFileReference; lastKnownFileType = text.plist.xml; path = Info.plist; sourceTree = "<group>"; };
		DB86CEDD2619810500FC5A1F /* HelloIOSUITests.xctest */ = {isa = PBXFileReference; explicitFileType = wrapper.cfbundle; includeInIndex = 0; path = HelloIOSUITests.xctest; sourceTree = BUILT_PRODUCTS_DIR; };
		DB86CEE12619810500FC5A1F /* HelloIOSUITests.swift */ = {isa = PBXFileReference; lastKnownFileType = sourcecode.swift; path = HelloIOSUITests.swift; sourceTree = "<group>"; };
		DB86CEE32619810500FC5A1F /* Info.plist */ = {isa = PBXFileReference; lastKnownFileType = text.plist.xml; path = Info.plist; sourceTree = "<group>"; };
/* End PBXFileReference section */

/* Begin PBXFrameworksBuildPhase section */
		DB86CEBE2619810200FC5A1F /* Frameworks */ = {
			isa = PBXFrameworksBuildPhase;
			buildActionMask = 2147483647;
			files = (
			);
			runOnlyForDeploymentPostprocessing = 0;
		};
		DB86CECF2619810500FC5A1F /* Frameworks */ = {
			isa = PBXFrameworksBuildPhase;
			buildActionMask = 2147483647;
			files = (
			);
			runOnlyForDeploymentPostprocessing = 0;
		};
		DB86CEDA2619810500FC5A1F /* Frameworks */ = {
			isa = PBXFrameworksBuildPhase;
			buildActionMask = 2147483647;
			files = (
			);
			runOnlyForDeploymentPostprocessing = 0;
		};
/* End PBXFrameworksBuildPhase section */

/* Begin PBXGroup section */
		DB86CEB82619810200FC5A1F = {
			isa = PBXGroup;
			children = (
				DB86CEC32619810300FC5A1F /* HelloIOS */,
				DB86CED52619810500FC5A1F /* HelloIOSTests */,
				DB86CEE02619810500FC5A1F /* HelloIOSUITests */,
				DB86CEC22619810300FC5A1F /* Products */,
			);
			sourceTree = "<group>";
		};
		DB86CEC22619810300FC5A1F /* Products */ = {
			isa = PBXGroup;
			children = (
				DB86CEC12619810300FC5A1F /* HelloIOS.app */,
				DB86CED22619810500FC5A1F /* HelloIOSTests.xctest */,
				DB86CEDD2619810500FC5A1F /* HelloIOSUITests.xctest */,
			);
			name = Products;
			sourceTree = "<group>";
		};
		DB86CEC32619810300FC5A1F /* HelloIOS */ = {
			isa = PBXGroup;
			children = (
				DB86CEC42619810300FC5A1F /* HelloIOSApp.swift */,
				DB86CEC62619810300FC5A1F /* ContentView.swift */,
				DB86CEC82619810500FC5A1F /* Assets.xcassets */,
				DB86CECD2619810500FC5A1F /* Info.plist */,
				DB86CECA2619810500FC5A1F /* Preview Content */,
			);
			path = HelloIOS;
			sourceTree = "<group>";
		};
		DB86CECA2619810500FC5A1F /* Preview Content */ = {
			isa = PBXGroup;
			children = (
				DB86CECB2619810500FC5A1F /* Preview Assets.xcassets */,
			);
			path = "Preview Content";
			sourceTree = "<group>";
		};
		DB86CED52619810500FC5A1F /* HelloIOSTests */ = {
			isa = PBXGroup;
			children = (
				DB86CED62619810500FC5A1F /* HelloIOSTests.swift */,
				DB86CED82619810500FC5A1F /* Info.plist */,
			);
			path = HelloIOSTests;
			sourceTree = "<group>";
		};
		DB86CEE02619810500FC5A1F /* HelloIOSUITests */ = {
			isa = PBXGroup;
			children = (
				DB86CEE12619810500FC5A1F /* HelloIOSUITests.swift */,
				DB86CEE32619810500FC5A1F /* Info.plist */,
			);
			path = HelloIOSUITests;
			sourceTree = "<group>";
		};
/* End PBXGroup section */

/* Begin PBXNativeTarget section */
		DB86CEC02619810200FC5A1F /* HelloIOS */ = {
			isa = PBXNativeTarget;
			buildConfigurationList = DB86CEE62619810500FC5A1F /* Build configuration list for PBXNativeTarget "HelloIOS" */;
			buildPhases = (
				DB86CEBD2619810200FC5A1F /* Sources */,
				DB86CEBE2619810200FC5A1F /* Frameworks */,
				DB86CEBF2619810200FC5A1F /* Resources */,
			);
			buildRules = (
			);
			dependencies = (
			);
			name = HelloIOS;
			productName = HelloIOS;
			productReference = DB86CEC12619810300FC5A1F /* HelloIOS.app */;
			productType = "com.apple.product-type.application";
		};
		DB86CED12619810500FC5A1F /* HelloIOSTests */ = {
			isa = PBXNativeTarget;
			buildConfigurationList = DB86CEE92619810500FC5A1F /* Build configuration list for PBXNativeTarget "HelloIOSTests" */;
			buildPhases = (
				DB86CECE2619810500FC5A1F /* Sources */,
				DB86CECF2619810500FC5A1F /* Frameworks */,
				DB86CED02619810500FC5A1F /* Resources */,
			);
			buildRules = (
			);
			dependencies = (
				DB86CED42619810500FC5A1F /* PBXTargetDependency */,
			);
			name = HelloIOSTests;
			productName = HelloIOSTests;
			productReference = DB86CED22619810500FC5A1F /* HelloIOSTests.xctest */;
			productType = "com.apple.product-type.bundle.unit-test";
		};
		DB86CEDC2619810500FC5A1F /* HelloIOSUITests */ = {
			isa = PBXNativeTarget;
			buildConfigurationList = DB86CEEC2619810500FC5A1F /* Build configuration list for PBXNativeTarget "HelloIOSUITests" */;
			buildPhases = (
				DB86CED92619810500FC5A1F /* Sources */,
				DB86CEDA2619810500FC5A1F /* Frameworks */,
				DB86CEDB2619810500FC5A1F /* Resources */,
			);
			buildRules = (
			);
			dependencies = (
				DB86CEDF2619810500FC5A1F /* PBXTargetDependency */,
			);
			name = HelloIOSUITests;
			productName = HelloIOSUITests;
			productReference = DB86CEDD2619810500FC5A1F /* HelloIOSUITests.xctest */;
			productType = "com.apple.product-type.bundle.ui-testing";
		};
/* End PBXNativeTarget section */

/* Begin PBXProject section */
		DB86CEB92619810200FC5A1F /* Project object */ = {
			isa = PBXProject;
			attributes = {
				LastSwiftUpdateCheck = 1240;
				LastUpgradeCheck = 1240;
				TargetAttributes = {
					DB86CEC02619810200FC5A1F = {
						CreatedOnToolsVersion = 12.4;
					};
					DB86CED12619810500FC5A1F = {
						CreatedOnToolsVersion = 12.4;
						TestTargetID = DB86CEC02619810200FC5A1F;
					};
					DB86CEDC2619810500FC5A1F = {
						CreatedOnToolsVersion = 12.4;
						TestTargetID = DB86CEC02619810200FC5A1F;
					};
				};
			};
			buildConfigurationList = DB86CEBC2619810200FC5A1F /* Build configuration list for PBXProject "Hello" */;
			compatibilityVersion = "Xcode 9.3";
			developmentRegion = en;
			hasScannedForEncodings = 0;
			knownRegions = (
				en,
				Base,
			);
			mainGroup = DB86CEB82619810200FC5A1F;
			productRefGroup = DB86CEC22619810300FC5A1F /* Products */;
			projectDirPath = "";
			projectRoot = "";
			targets = (
				DB86CEC02619810200FC5A1F /* HelloIOS */,
				DB86CED12619810500FC5A1F /* HelloIOSTests */,
				DB86CEDC2619810500FC5A1F /* HelloIOSUITests */,
			);
		};
/* End PBXProject section */

/* Begin PBXResourcesBuildPhase section */
		DB86CEBF2619810200FC5A1F /* Resources */ = {
			isa = PBXResourcesBuildPhase;
			buildActionMask = 2147483647;
			files = (
				DB86CECC2619810500FC5A1F /* Preview Assets.xcassets in Resources */,
				DB86CEC92619810500FC5A1F /* Assets.xcassets in Resources */,
			);
			runOnlyForDeploymentPostprocessing = 0;
		};
		DB86CED02619810500FC5A1F /* Resources */ = {
			isa = PBXResourcesBuildPhase;
			buildActionMask = 2147483647;
			files = (
			);
			runOnlyForDeploymentPostprocessing = 0;
		};
		DB86CEDB2619810500FC5A1F /* Resources */ = {
			isa = PBXResourcesBuildPhase;
			buildActionMask = 2147483647;
			files = (
			);
			runOnlyForDeploymentPostprocessing = 0;
		};
/* End PBXResourcesBuildPhase section */

/* Begin PBXSourcesBuildPhase section */
		DB86CEBD2619810200FC5A1F /* Sources */ = {
			isa = PBXSourcesBuildPhase;
			buildActionMask = 2147483647;
			files = (
				DB86CEC72619810300FC5A1F /* ContentView.swift in Sources */,
				DB86CEC52619810300FC5A1F /* HelloIOSApp.swift in Sources */,
			);
			runOnlyForDeploymentPostprocessing = 0;
		};
		DB86CECE2619810500FC5A1F /* Sources */ = {
			isa = PBXSourcesBuildPhase;
			buildActionMask = 2147483647;
			files = (
				DB86CED72619810500FC5A1F /* HelloIOSTests.swift in Sources */,
			);
			runOnlyForDeploymentPostprocessing = 0;
		};
		DB86CED92619810500FC5A1F /* Sources */ = {
			isa = PBXSourcesBuildPhase;
			buildActionMask = 2147483647;
			files = (
				DB86CEE22619810500FC5A1F /* HelloIOSUITests.swift in Sources */,
			);
			runOnlyForDeploymentPostprocessing = 0;
		};
/* End PBXSourcesBuildPhase section */

/* Begin PBXTargetDependency section */
		DB86CED42619810500FC5A1F /* PBXTargetDependency */ = {
			isa = PBXTargetDependency;
			target = DB86CEC02619810200FC5A1F /* HelloIOS */;
			targetProxy = DB86CED32619810500FC5A1F /* PBXContainerItemProxy */;
		};
		DB86CEDF2619810500FC5A1F /* PBXTargetDependency */ = {
			isa = PBXTargetDependency;
			target = DB86CEC02619810200FC5A1F /* HelloIOS */;
			targetProxy = DB86CEDE2619810500FC5A1F /* PBXContainerItemProxy */;
		};
/* End PBXTargetDependency section */

/* Begin XCBuildConfiguration section */
		DB86CEE42619810500FC5A1F /* Debug */ = {
			isa = XCBuildConfiguration;
			buildSettings = {
				ALWAYS_SEARCH_USER_PATHS = NO;
				CLANG_ANALYZER_NONNULL = YES;
				CLANG_ANALYZER_NUMBER_OBJECT_CONVERSION = YES_AGGRESSIVE;
				CLANG_CXX_LANGUAGE_STANDARD = "gnu++14";
				CLANG_CXX_LIBRARY = "libc++";
				CLANG_ENABLE_MODULES = YES;
				CLANG_ENABLE_OBJC_ARC = YES;
				CLANG_ENABLE_OBJC_WEAK = YES;
				CLANG_WARN_BLOCK_CAPTURE_AUTORELEASING = YES;
				CLANG_WARN_BOOL_CONVERSION = YES;
				CLANG_WARN_COMMA = YES;
				CLANG_WARN_CONSTANT_CONVERSION = YES;
				CLANG_WARN_DEPRECATED_OBJC_IMPLEMENTATIONS = YES;
				CLANG_WARN_DIRECT_OBJC_ISA_USAGE = YES_ERROR;
				CLANG_WARN_DOCUMENTATION_COMMENTS = YES;
				CLANG_WARN_EMPTY_BODY = YES;
				CLANG_WARN_ENUM_CONVERSION = YES;
				CLANG_WARN_INFINITE_RECURSION = YES;
				CLANG_WARN_INT_CONVERSION = YES;
				CLANG_WARN_NON_LITERAL_NULL_CONVERSION = YES;
				CLANG_WARN_OBJC_IMPLICIT_RETAIN_SELF = YES;
				CLANG_WARN_OBJC_LITERAL_CONVERSION = YES;
				CLANG_WARN_OBJC_ROOT_CLASS = YES_ERROR;
				CLANG_WARN_QUOTED_INCLUDE_IN_FRAMEWORK_HEADER = YES;
				CLANG_WARN_RANGE_LOOP_ANALYSIS = YES;
				CLANG_WARN_STRICT_PROTOTYPES = YES;
				CLANG_WARN_SUSPICIOUS_MOVE = YES;
				CLANG_WARN_UNGUARDED_AVAILABILITY = YES_AGGRESSIVE;
				CLANG_WARN_UNREACHABLE_CODE = YES;
				CLANG_WARN__DUPLICATE_METHOD_MATCH = YES;
				COPY_PHASE_STRIP = NO;
				DEBUG_INFORMATION_FORMAT = dwarf;
				ENABLE_STRICT_OBJC_MSGSEND = YES;
				ENABLE_TESTABILITY = YES;
				GCC_C_LANGUAGE_STANDARD = gnu11;
				GCC_DYNAMIC_NO_PIC = NO;
				GCC_NO_COMMON_BLOCKS = YES;
				GCC_OPTIMIZATION_LEVEL = 0;
				GCC_PREPROCESSOR_DEFINITIONS = (
					"DEBUG=1",
					"$(inherited)",
				);
				GCC_WARN_64_TO_32_BIT_CONVERSION = YES;
				GCC_WARN_ABOUT_RETURN_TYPE = YES_ERROR;
				GCC_WARN_UNDECLARED_SELECTOR = YES;
				GCC_WARN_UNINITIALIZED_AUTOS = YES_AGGRESSIVE;
				GCC_WARN_UNUSED_FUNCTION = YES;
				GCC_WARN_UNUSED_VARIABLE = YES;
				IPHONEOS_DEPLOYMENT_TARGET = 14.4;
				MTL_ENABLE_DEBUG_INFO = INCLUDE_SOURCE;
				MTL_FAST_MATH = YES;
				ONLY_ACTIVE_ARCH = YES;
				SDKROOT = iphoneos;
				SWIFT_ACTIVE_COMPILATION_CONDITIONS = DEBUG;
				SWIFT_OPTIMIZATION_LEVEL = "-Onone";
			};
			name = Debug;
		};
		DB86CEE52619810500FC5A1F /* Release */ = {
			isa = XCBuildConfiguration;
			buildSettings = {
				ALWAYS_SEARCH_USER_PATHS = NO;
				CLANG_ANALYZER_NONNULL = YES;
				CLANG_ANALYZER_NUMBER_OBJECT_CONVERSION = YES_AGGRESSIVE;
				CLANG_CXX_LANGUAGE_STANDARD = "gnu++14";
				CLANG_CXX_LIBRARY = "libc++";
				CLANG_ENABLE_MODULES = YES;
				CLANG_ENABLE_OBJC_ARC = YES;
				CLANG_ENABLE_OBJC_WEAK = YES;
				CLANG_WARN_BLOCK_CAPTURE_AUTORELEASING = YES;
				CLANG_WARN_BOOL_CONVERSION = YES;
				CLANG_WARN_COMMA = YES;
				CLANG_WARN_CONSTANT_CONVERSION = YES;
				CLANG_WARN_DEPRECATED_OBJC_IMPLEMENTATIONS = YES;
				CLANG_WARN_DIRECT_OBJC_ISA_USAGE = YES_ERROR;
				CLANG_WARN_DOCUMENTATION_COMMENTS = YES;
				CLANG_WARN_EMPTY_BODY = YES;
				CLANG_WARN_ENUM_CONVERSION = YES;
				CLANG_WARN_INFINITE_RECURSION = YES;
				CLANG_WARN_INT_CONVERSION = YES;
				CLANG_WARN_NON_LITERAL_NULL_CONVERSION = YES;
				CLANG_WARN_OBJC_IMPLICIT_RETAIN_SELF = YES;
				CLANG_WARN_OBJC_LITERAL_CONVERSION = YES;
				CLANG_WARN_OBJC_ROOT_CLASS = YES_ERROR;
				CLANG_WARN_QUOTED_INCLUDE_IN_FRAMEWORK_HEADER = YES;
				CLANG_WARN_RANGE_LOOP_ANALYSIS = YES;
				CLANG_WARN_STRICT_PROTOTYPES = YES;
				CLANG_WARN_SUSPICIOUS_MOVE = YES;
				CLANG_WARN_UNGUARDED_AVAILABILITY = YES_AGGRESSIVE;
				CLANG_WARN_UNREACHABLE_CODE = YES;
				CLANG_WARN__DUPLICATE_METHOD_MATCH = YES;
				COPY_PHASE_STRIP = NO;
				DEBUG_INFORMATION_FORMAT = "dwarf-with-dsym";
				ENABLE_NS_ASSERTIONS = NO;
				ENABLE_STRICT_OBJC_MSGSEND = YES;
				GCC_C_LANGUAGE_STANDARD = gnu11;
				GCC_NO_COMMON_BLOCKS = YES;
				GCC_WARN_64_TO_32_BIT_CONVERSION = YES;
				GCC_WARN_ABOUT_RETURN_TYPE = YES_ERROR;
				GCC_WARN_UNDECLARED_SELECTOR = YES;
				GCC_WARN_UNINITIALIZED_AUTOS = YES_AGGRESSIVE;
				GCC_WARN_UNUSED_FUNCTION = YES;
				GCC_WARN_UNUSED_VARIABLE = YES;
				IPHONEOS_DEPLOYMENT_TARGET = 14.4;
				MTL_ENABLE_DEBUG_INFO = NO;
				MTL_FAST_MATH = YES;
				SDKROOT = iphoneos;
				SWIFT_COMPILATION_MODE = wholemodule;
				SWIFT_OPTIMIZATION_LEVEL = "-O";
				VALIDATE_PRODUCT = YES;
			};
			name = Release;
		};
		DB86CEE72619810500FC5A1F /* Debug */ = {
			isa = XCBuildConfiguration;
			buildSettings = {
				ASSETCATALOG_COMPILER_APPICON_NAME = AppIcon;
				ASSETCATALOG_COMPILER_GLOBAL_ACCENT_COLOR_NAME = AccentColor;
				CODE_SIGN_STYLE = Automatic;
				DEVELOPMENT_ASSET_PATHS = "\"HelloIOS/Preview Content\"";
				DEVELOPMENT_TEAM = 9KZHZAAU97;
				ENABLE_PREVIEWS = YES;
				INFOPLIST_FILE = HelloIOS/Info.plist;
				IPHONEOS_DEPLOYMENT_TARGET = 14.0;
				LD_RUNPATH_SEARCH_PATHS = (
					"$(inherited)",
					"@executable_path/Frameworks",
				);
				PRODUCT_BUNDLE_IDENTIFIER = com.anish.dhawan99;
				PRODUCT_NAME = "$(TARGET_NAME)";
				SWIFT_VERSION = 5.0;
				TARGETED_DEVICE_FAMILY = "1,2";
			};
			name = Debug;
		};
		DB86CEE82619810500FC5A1F /* Release */ = {
			isa = XCBuildConfiguration;
			buildSettings = {
				ASSETCATALOG_COMPILER_APPICON_NAME = AppIcon;
				ASSETCATALOG_COMPILER_GLOBAL_ACCENT_COLOR_NAME = AccentColor;
				CODE_SIGN_STYLE = Automatic;
				DEVELOPMENT_ASSET_PATHS = "\"HelloIOS/Preview Content\"";
				DEVELOPMENT_TEAM = 9KZHZAAU97;
				ENABLE_PREVIEWS = YES;
				INFOPLIST_FILE = HelloIOS/Info.plist;
				IPHONEOS_DEPLOYMENT_TARGET = 14.0;
				LD_RUNPATH_SEARCH_PATHS = (
					"$(inherited)",
					"@executable_path/Frameworks",
				);
				PRODUCT_BUNDLE_IDENTIFIER = com.anish.dhawan99;
				PRODUCT_NAME = "$(TARGET_NAME)";
				SWIFT_VERSION = 5.0;
				TARGETED_DEVICE_FAMILY = "1,2";
			};
			name = Release;
		};
		DB86CEEA2619810500FC5A1F /* Debug */ = {
			isa = XCBuildConfiguration;
			buildSettings = {
				ALWAYS_EMBED_SWIFT_STANDARD_LIBRARIES = YES;
				BUNDLE_LOADER = "$(TEST_HOST)";
				CODE_SIGN_STYLE = Automatic;
				INFOPLIST_FILE = HelloIOSTests/Info.plist;
				IPHONEOS_DEPLOYMENT_TARGET = 14.0;
				LD_RUNPATH_SEARCH_PATHS = (
					"$(inherited)",
					"@executable_path/Frameworks",
					"@loader_path/Frameworks",
				);
				PRODUCT_BUNDLE_IDENTIFIER = Hello.HelloIOSTests;
				PRODUCT_NAME = "$(TARGET_NAME)";
				SWIFT_VERSION = 5.0;
				TARGETED_DEVICE_FAMILY = "1,2";
				TEST_HOST = "$(BUILT_PRODUCTS_DIR)/HelloIOS.app/HelloIOS";
			};
			name = Debug;
		};
		DB86CEEB2619810500FC5A1F /* Release */ = {
			isa = XCBuildConfiguration;
			buildSettings = {
				ALWAYS_EMBED_SWIFT_STANDARD_LIBRARIES = YES;
				BUNDLE_LOADER = "$(TEST_HOST)";
				CODE_SIGN_STYLE = Automatic;
				INFOPLIST_FILE = HelloIOSTests/Info.plist;
				IPHONEOS_DEPLOYMENT_TARGET = 14.0;
				LD_RUNPATH_SEARCH_PATHS = (
					"$(inherited)",
					"@executable_path/Frameworks",
					"@loader_path/Frameworks",
				);
				PRODUCT_BUNDLE_IDENTIFIER = Hello.HelloIOSTests;
				PRODUCT_NAME = "$(TARGET_NAME)";
				SWIFT_VERSION = 5.0;
				TARGETED_DEVICE_FAMILY = "1,2";
				TEST_HOST = "$(BUILT_PRODUCTS_DIR)/HelloIOS.app/HelloIOS";
			};
			name = Release;
		};
		DB86CEED2619810500FC5A1F /* Debug */ = {
			isa = XCBuildConfiguration;
			buildSettings = {
				ALWAYS_EMBED_SWIFT_STANDARD_LIBRARIES = YES;
				CODE_SIGN_STYLE = Automatic;
				INFOPLIST_FILE = HelloIOSUITests/Info.plist;
				LD_RUNPATH_SEARCH_PATHS = (
					"$(inherited)",
					"@executable_path/Frameworks",
					"@loader_path/Frameworks",
				);
				PRODUCT_BUNDLE_IDENTIFIER = Hello.HelloIOSUITests;
				PRODUCT_NAME = "$(TARGET_NAME)";
				SWIFT_VERSION = 5.0;
				TARGETED_DEVICE_FAMILY = "1,2";
				TEST_TARGET_NAME = HelloIOS;
			};
			name = Debug;
		};
		DB86CEEE2619810500FC5A1F /* Release */ = {
			isa = XCBuildConfiguration;
			buildSettings = {
				ALWAYS_EMBED_SWIFT_STANDARD_LIBRARIES = YES;
				CODE_SIGN_STYLE = Automatic;
				INFOPLIST_FILE = HelloIOSUITests/Info.plist;
				LD_RUNPATH_SEARCH_PATHS = (
					"$(inherited)",
					"@executable_path/Frameworks",
					"@loader_path/Frameworks",
				);
				PRODUCT_BUNDLE_IDENTIFIER = Hello.HelloIOSUITests;
				PRODUCT_NAME = "$(TARGET_NAME)";
				SWIFT_VERSION = 5.0;
				TARGETED_DEVICE_FAMILY = "1,2";
				TEST_TARGET_NAME = HelloIOS;
			};
			name = Release;
		};
/* End XCBuildConfiguration section */

/* Begin XCConfigurationList section */
		DB86CEBC2619810200FC5A1F /* Build configuration list for PBXProject "Hello" */ = {
			isa = XCConfigurationList;
			buildConfigurations = (
				DB86CEE42619810500FC5A1F /* Debug */,
				DB86CEE52619810500FC5A1F /* Release */,
			);
			defaultConfigurationIsVisible = 0;
			defaultConfigurationName = Release;
		};
		DB86CEE62619810500FC5A1F /* Build configuration list for PBXNativeTarget "HelloIOS" */ = {
			isa = XCConfigurationList;
			buildConfigurations = (
				DB86CEE72619810500FC5A1F /* Debug */,
				DB86CEE82619810500FC5A1F /* Release */,
			);
			defaultConfigurationIsVisible = 0;
			defaultConfigurationName = Release;
		};
		DB86CEE92619810500FC5A1F /* Build configuration list for PBXNativeTarget "HelloIOSTests" */ = {
			isa = XCConfigurationList;
			buildConfigurations = (
				DB86CEEA2619810500FC5A1F /* Debug */,
				DB86CEEB2619810500FC5A1F /* Release */,
			);
			defaultConfigurationIsVisible = 0;
			defaultConfigurationName = Release;
		};
		DB86CEEC2619810500FC5A1F /* Build configuration list for PBXNativeTarget "HelloIOSUITests" */ = {
			isa = XCConfigurationList;
			buildConfigurations = (
				DB86CEED2619810500FC5A1F /* Debug */,
				DB86CEEE2619810500FC5A1F /* Release */,
			);
			defaultConfigurationIsVisible = 0;
			defaultConfigurationName = Release;
		};
/* End XCConfigurationList section */
	};
	rootObject = DB86CEB92619810200FC5A1F /* Project object */;
}
